
Microsoft Visual Studio Solution File, Format Version 12.00
# Visual Studio Version 16
VisualStudioVersion = 16.0.31911.196
MinimumVisualStudioVersion = 10.0.40219.1
Project("{888888A0-9F3D-457C-B088-3A5042F75D52}") = "Scientia", "Scientia\Scientia.pyproj", "{2098090F-9175-4339-9A2D-23C57A1B9D40}"
EndProject
Global
	GlobalSection(SolutionConfigurationPlatforms) = preSolution
		Debug|Any CPU = Debug|Any CPU
		Release|Any CPU = Release|Any CPU
	EndGlobalSection
	GlobalSection(ProjectConfigurationPlatforms) = postSolution
		{2098090F-9175-4339-9A2D-23C57A1B9D40}.Debug|Any CPU.ActiveCfg = Debug|Any CPU
		{2098090F-9175-4339-9A2D-23C57A1B9D40}.Debug|Any CPU.Build.0 = Debug|Any CPU
		{2098090F-9175-4339-9A2D-23C57A1B9D40}.Release|Any CPU.ActiveCfg = Release|Any CPU
		{2098090F-9175-4339-9A2D-23C57A1B9D40}.Release|Any CPU.Build.0 = Release|Any CPU
	EndGlobalSection
	GlobalSection(SolutionProperties) = preSolution
		HideSolutionNode = FALSE
	EndGlobalSection
	GlobalSection(ExtensibilityGlobals) = postSolution
		SolutionGuid = {3BFED4D1-9135-4366-9A8B-AB53F6A95786}
	EndGlobalSection
EndGlobal
